// !$*UTF8*$!
{
	archiveVersion = 1;
	classes = {
	};
	objectVersion = 51;
	objects = {

/* Begin PBXBuildFile section */
		8456FAFBCDCDB3C82431C30D /* Pods_camera.framework in Frameworks */ = {isa = PBXBuildFile; fileRef = 9B4EE3E2F17B81E53C4815E1 /* Pods_camera.framework */; };
		C74479CA2682F1D200646101 /* UploaderView.swift in Sources */ = {isa = PBXBuildFile; fileRef = C74479C92682F1D200646101 /* UploaderView.swift */; };
		C74479CC2682F20100646101 /* MemoView.swift in Sources */ = {isa = PBXBuildFile; fileRef = C74479CB2682F20100646101 /* MemoView.swift */; };
		C74479CE2682F2A100646101 /* LoginView.swift in Sources */ = {isa = PBXBuildFile; fileRef = C74479CD2682F2A100646101 /* LoginView.swift */; };
		C74479D226830D1400646101 /* ImageView.swift in Sources */ = {isa = PBXBuildFile; fileRef = C74479D126830D1400646101 /* ImageView.swift */; };
		C74479D4268310D600646101 /* ModalView.swift in Sources */ = {isa = PBXBuildFile; fileRef = C74479D3268310D600646101 /* ModalView.swift */; };
		C74479D6268310FC00646101 /* GridImageView.swift in Sources */ = {isa = PBXBuildFile; fileRef = C74479D5268310FC00646101 /* GridImageView.swift */; };
		C79B83F62681A3CE00E07839 /* cameraApp.swift in Sources */ = {isa = PBXBuildFile; fileRef = C79B83F52681A3CE00E07839 /* cameraApp.swift */; };
		C79B83F82681A3CE00E07839 /* ContentView.swift in Sources */ = {isa = PBXBuildFile; fileRef = C79B83F72681A3CE00E07839 /* ContentView.swift */; };
		C79B83FA2681A3CF00E07839 /* Assets.xcassets in Resources */ = {isa = PBXBuildFile; fileRef = C79B83F92681A3CF00E07839 /* Assets.xcassets */; };
		C79B83FD2681A3CF00E07839 /* Preview Assets.xcassets in Resources */ = {isa = PBXBuildFile; fileRef = C79B83FC2681A3CF00E07839 /* Preview Assets.xcassets */; };
		C79B840D2681C6B100E07839 /* Imagepicker.swift in Sources */ = {isa = PBXBuildFile; fileRef = C79B840C2681C6B100E07839 /* Imagepicker.swift */; };
/* End PBXBuildFile section */

/* Begin PBXFileReference section */
		79D58266D1DE7BF04699C282 /* Pods-camera.release.xcconfig */ = {isa = PBXFileReference; includeInIndex = 1; lastKnownFileType = text.xcconfig; name = "Pods-camera.release.xcconfig"; path = "Target Support Files/Pods-camera/Pods-camera.release.xcconfig"; sourceTree = "<group>"; };
		9B4EE3E2F17B81E53C4815E1 /* Pods_camera.framework */ = {isa = PBXFileReference; explicitFileType = wrapper.framework; includeInIndex = 0; path = Pods_camera.framework; sourceTree = BUILT_PRODUCTS_DIR; };
		C74479C92682F1D200646101 /* UploaderView.swift */ = {isa = PBXFileReference; lastKnownFileType = sourcecode.swift; path = UploaderView.swift; sourceTree = "<group>"; };
		C74479CB2682F20100646101 /* MemoView.swift */ = {isa = PBXFileReference; lastKnownFileType = sourcecode.swift; path = MemoView.swift; sourceTree = "<group>"; };
		C74479CD2682F2A100646101 /* LoginView.swift */ = {isa = PBXFileReference; lastKnownFileType = sourcecode.swift; path = LoginView.swift; sourceTree = "<group>"; };
		C74479D126830D1400646101 /* ImageView.swift */ = {isa = PBXFileReference; lastKnownFileType = sourcecode.swift; path = ImageView.swift; sourceTree = "<group>"; };
		C74479D3268310D600646101 /* ModalView.swift */ = {isa = PBXFileReference; lastKnownFileType = sourcecode.swift; path = ModalView.swift; sourceTree = "<group>"; };
		C74479D5268310FC00646101 /* GridImageView.swift */ = {isa = PBXFileReference; lastKnownFileType = sourcecode.swift; path = GridImageView.swift; sourceTree = "<group>"; };
		C79B83F22681A3CE00E07839 /* camera.app */ = {isa = PBXFileReference; explicitFileType = wrapper.application; includeInIndex = 0; path = camera.app; sourceTree = BUILT_PRODUCTS_DIR; };
		C79B83F52681A3CE00E07839 /* cameraApp.swift */ = {isa = PBXFileReference; lastKnownFileType = sourcecode.swift; path = cameraApp.swift; sourceTree = "<group>"; };
		C79B83F72681A3CE00E07839 /* ContentView.swift */ = {isa = PBXFileReference; lastKnownFileType = sourcecode.swift; path = ContentView.swift; sourceTree = "<group>"; };
		C79B83F92681A3CF00E07839 /* Assets.xcassets */ = {isa = PBXFileReference; lastKnownFileType = folder.assetcatalog; path = Assets.xcassets; sourceTree = "<group>"; };
		C79B83FC2681A3CF00E07839 /* Preview Assets.xcassets */ = {isa = PBXFileReference; lastKnownFileType = folder.assetcatalog; path = "Preview Assets.xcassets"; sourceTree = "<group>"; };
		C79B83FE2681A3CF00E07839 /* Info.plist */ = {isa = PBXFileReference; lastKnownFileType = text.plist.xml; path = Info.plist; sourceTree = "<group>"; };
		C79B840C2681C6B100E07839 /* Imagepicker.swift */ = {isa = PBXFileReference; lastKnownFileType = sourcecode.swift; path = Imagepicker.swift; sourceTree = "<group>"; };
		F0D455B487765CAC3B5AB0A5 /* Pods-camera.debug.xcconfig */ = {isa = PBXFileReference; includeInIndex = 1; lastKnownFileType = text.xcconfig; name = "Pods-camera.debug.xcconfig"; path = "Target Support Files/Pods-camera/Pods-camera.debug.xcconfig"; sourceTree = "<group>"; };
/* End PBXFileReference section */

/* Begin PBXFrameworksBuildPhase section */
		C79B83EF2681A3CE00E07839 /* Frameworks */ = {
			isa = PBXFrameworksBuildPhase;
			buildActionMask = 2147483647;
			files = (
				8456FAFBCDCDB3C82431C30D /* Pods_camera.framework in Frameworks */,
			);
			runOnlyForDeploymentPostprocessing = 0;
		};
/* End PBXFrameworksBuildPhase section */

/* Begin PBXGroup section */
		88491C85806CFF00599EFFAA /* Pods */ = {
			isa = PBXGroup;
			children = (
				F0D455B487765CAC3B5AB0A5 /* Pods-camera.debug.xcconfig */,
				79D58266D1DE7BF04699C282 /* Pods-camera.release.xcconfig */,
			);
			path = Pods;
			sourceTree = "<group>";
		};
		AE3B11B973DC976A05656E7C /* Frameworks */ = {
			isa = PBXGroup;
			children = (
				9B4EE3E2F17B81E53C4815E1 /* Pods_camera.framework */,
			);
			name = Frameworks;
			sourceTree = "<group>";
		};
		C79B83E92681A3CE00E07839 = {
			isa = PBXGroup;
			children = (
				C79B83F42681A3CE00E07839 /* camera */,
				C79B83F32681A3CE00E07839 /* Products */,
				88491C85806CFF00599EFFAA /* Pods */,
				AE3B11B973DC976A05656E7C /* Frameworks */,
			);
			sourceTree = "<group>";
		};
		C79B83F32681A3CE00E07839 /* Products */ = {
			isa = PBXGroup;
			children = (
				C79B83F22681A3CE00E07839 /* camera.app */,
			);
			name = Products;
			sourceTree = "<group>";
		};
		C79B83F42681A3CE00E07839 /* camera */ = {
			isa = PBXGroup;
			children = (
				C79B83F52681A3CE00E07839 /* cameraApp.swift */,
				C79B83F72681A3CE00E07839 /* ContentView.swift */,
				C79B83F92681A3CF00E07839 /* Assets.xcassets */,
				C79B83FE2681A3CF00E07839 /* Info.plist */,
				C79B83FB2681A3CF00E07839 /* Preview Content */,
				C79B840C2681C6B100E07839 /* Imagepicker.swift */,
				C74479C92682F1D200646101 /* UploaderView.swift */,
				C74479CB2682F20100646101 /* MemoView.swift */,
				C74479CD2682F2A100646101 /* LoginView.swift */,
				C74479D126830D1400646101 /* ImageView.swift */,
				C74479D3268310D600646101 /* ModalView.swift */,
				C74479D5268310FC00646101 /* GridImageView.swift */,
			);
			path = camera;
			sourceTree = "<group>";
		};
		C79B83FB2681A3CF00E07839 /* Preview Content */ = {
			isa = PBXGroup;
			children = (
				C79B83FC2681A3CF00E07839 /* Preview Assets.xcassets */,
			);
			path = "Preview Content";
			sourceTree = "<group>";
		};
/* End PBXGroup section */

/* Begin PBXNativeTarget section */
		C79B83F12681A3CE00E07839 /* camera */ = {
			isa = PBXNativeTarget;
			buildConfigurationList = C79B84012681A3CF00E07839 /* Build configuration list for PBXNativeTarget "camera" */;
			buildPhases = (
				B1DB65B948EB431E13C1040F /* [CP] Check Pods Manifest.lock */,
				C79B83EE2681A3CE00E07839 /* Sources */,
				C79B83EF2681A3CE00E07839 /* Frameworks */,
				C79B83F02681A3CE00E07839 /* Resources */,
				057F4300C77EBCFF2A920FED /* [CP] Embed Pods Frameworks */,
			);
			buildRules = (
			);
			dependencies = (
			);
			name = camera;
			productName = camera;
			productReference = C79B83F22681A3CE00E07839 /* camera.app */;
			productType = "com.apple.product-type.application";
		};
/* End PBXNativeTarget section */

/* Begin PBXProject section */
		C79B83EA2681A3CE00E07839 /* Project object */ = {
			isa = PBXProject;
			attributes = {
				LastSwiftUpdateCheck = 1250;
				LastUpgradeCheck = 1250;
				TargetAttributes = {
					C79B83F12681A3CE00E07839 = {
						CreatedOnToolsVersion = 12.5.1;
					};
				};
			};
			buildConfigurationList = C79B83ED2681A3CE00E07839 /* Build configuration list for PBXProject "camera" */;
			compatibilityVersion = "Xcode 9.3";
			developmentRegion = en;
			hasScannedForEncodings = 0;
			knownRegions = (
				en,
				Base,
			);
			mainGroup = C79B83E92681A3CE00E07839;
			productRefGroup = C79B83F32681A3CE00E07839 /* Products */;
			projectDirPath = "";
			projectRoot = "";
			targets = (
				C79B83F12681A3CE00E07839 /* camera */,
			);
		};
/* End PBXProject section */

/* Begin PBXResourcesBuildPhase section */
		C79B83F02681A3CE00E07839 /* Resources */ = {
			isa = PBXResourcesBuildPhase;
			buildActionMask = 2147483647;
			files = (
				C79B83FD2681A3CF00E07839 /* Preview Assets.xcassets in Resources */,
				C79B83FA2681A3CF00E07839 /* Assets.xcassets in Resources */,
			);
			runOnlyForDeploymentPostprocessing = 0;
		};
/* End PBXResourcesBuildPhase section */

/* Begin PBXShellScriptBuildPhase section */
		057F4300C77EBCFF2A920FED /* [CP] Embed Pods Frameworks */ = {
			isa = PBXShellScriptBuildPhase;
			buildActionMask = 2147483647;
			files = (
			);
			inputFileListPaths = (
				"${PODS_ROOT}/Target Support Files/Pods-camera/Pods-camera-frameworks-${CONFIGURATION}-input-files.xcfilelist",
			);
			name = "[CP] Embed Pods Frameworks";
			outputFileListPaths = (
				"${PODS_ROOT}/Target Support Files/Pods-camera/Pods-camera-frameworks-${CONFIGURATION}-output-files.xcfilelist",
			);
			runOnlyForDeploymentPostprocessing = 0;
			shellPath = /bin/sh;
			shellScript = "\"${PODS_ROOT}/Target Support Files/Pods-camera/Pods-camera-frameworks.sh\"\n";
			showEnvVarsInLog = 0;
		};
		B1DB65B948EB431E13C1040F /* [CP] Check Pods Manifest.lock */ = {
			isa = PBXShellScriptBuildPhase;
			buildActionMask = 2147483647;
			files = (
			);
			inputFileListPaths = (
			);
			inputPaths = (
				"${PODS_PODFILE_DIR_PATH}/Podfile.lock",
				"${PODS_ROOT}/Manifest.lock",
			);
			name = "[CP] Check Pods Manifest.lock";
			outputFileListPaths = (
			);
			outputPaths = (
				"$(DERIVED_FILE_DIR)/Pods-camera-checkManifestLockResult.txt",
			);
			runOnlyForDeploymentPostprocessing = 0;
			shellPath = /bin/sh;
			shellScript = "diff \"${PODS_PODFILE_DIR_PATH}/Podfile.lock\" \"${PODS_ROOT}/Manifest.lock\" > /dev/null\nif [ $? != 0 ] ; then\n    # print error to STDERR\n    echo \"error: The sandbox is not in sync with the Podfile.lock. Run 'pod install' or update your CocoaPods installation.\" >&2\n    exit 1\nfi\n# This output is used by Xcode 'outputs' to avoid re-running this script phase.\necho \"SUCCESS\" > \"${SCRIPT_OUTPUT_FILE_0}\"\n";
			showEnvVarsInLog = 0;
		};
/* End PBXShellScriptBuildPhase section */

/* Begin PBXSourcesBuildPhase section */
		C79B83EE2681A3CE00E07839 /* Sources */ = {
			isa = PBXSourcesBuildPhase;
			buildActionMask = 2147483647;
			files = (
				C74479CE2682F2A100646101 /* LoginView.swift in Sources */,
				C74479CC2682F20100646101 /* MemoView.swift in Sources */,
				C74479D4268310D600646101 /* ModalView.swift in Sources */,
				C74479CA2682F1D200646101 /* UploaderView.swift in Sources */,
				C79B840D2681C6B100E07839 /* Imagepicker.swift in Sources */,
				C79B83F82681A3CE00E07839 /* ContentView.swift in Sources */,
				C74479D226830D1400646101 /* ImageView.swift in Sources */,
				C74479D6268310FC00646101 /* GridImageView.swift in Sources */,
				C79B83F62681A3CE00E07839 /* cameraApp.swift in Sources */,
			);
			runOnlyForDeploymentPostprocessing = 0;
		};
/* End PBXSourcesBuildPhase section */

/* Begin XCBuildConfiguration section */
		C79B83FF2681A3CF00E07839 /* Debug */ = {
			isa = XCBuildConfiguration;
			buildSettings = {
				ALWAYS_SEARCH_USER_PATHS = NO;
				CLANG_ANALYZER_NONNULL = YES;
				CLANG_ANALYZER_NUMBER_OBJECT_CONVERSION = YES_AGGRESSIVE;
				CLANG_CXX_LANGUAGE_STANDARD = "gnu++14";
				CLANG_CXX_LIBRARY = "libc++";
				CLANG_ENABLE_MODULES = YES;
				CLANG_ENABLE_OBJC_ARC = YES;
				CLANG_ENABLE_OBJC_WEAK = YES;
				CLANG_WARN_BLOCK_CAPTURE_AUTORELEASING = YES;
				CLANG_WARN_BOOL_CONVERSION = YES;
				CLANG_WARN_COMMA = YES;
				CLANG_WARN_CONSTANT_CONVERSION = YES;
				CLANG_WARN_DEPRECATED_OBJC_IMPLEMENTATIONS = YES;
				CLANG_WARN_DIRECT_OBJC_ISA_USAGE = YES_ERROR;
				CLANG_WARN_DOCUMENTATION_COMMENTS = YES;
				CLANG_WARN_EMPTY_BODY = YES;
				CLANG_WARN_ENUM_CONVERSION = YES;
				CLANG_WARN_INFINITE_RECURSION = YES;
				CLANG_WARN_INT_CONVERSION = YES;
				CLANG_WARN_NON_LITERAL_NULL_CONVERSION = YES;
				CLANG_WARN_OBJC_IMPLICIT_RETAIN_SELF = YES;
				CLANG_WARN_OBJC_LITERAL_CONVERSION = YES;
				CLANG_WARN_OBJC_ROOT_CLASS = YES_ERROR;
				CLANG_WARN_QUOTED_INCLUDE_IN_FRAMEWORK_HEADER = YES;
				CLANG_WARN_RANGE_LOOP_ANALYSIS = YES;
				CLANG_WARN_STRICT_PROTOTYPES = YES;
				CLANG_WARN_SUSPICIOUS_MOVE = YES;
				CLANG_WARN_UNGUARDED_AVAILABILITY = YES_AGGRESSIVE;
				CLANG_WARN_UNREACHABLE_CODE = YES;
				CLANG_WARN__DUPLICATE_METHOD_MATCH = YES;
				COPY_PHASE_STRIP = NO;
				DEBUG_INFORMATION_FORMAT = dwarf;
				ENABLE_STRICT_OBJC_MSGSEND = YES;
				ENABLE_TESTABILITY = YES;
				GCC_C_LANGUAGE_STANDARD = gnu11;
				GCC_DYNAMIC_NO_PIC = NO;
				GCC_NO_COMMON_BLOCKS = YES;
				GCC_OPTIMIZATION_LEVEL = 0;
				GCC_PREPROCESSOR_DEFINITIONS = (
					"DEBUG=1",
					"$(inherited)",
				);
				GCC_WARN_64_TO_32_BIT_CONVERSION = YES;
				GCC_WARN_ABOUT_RETURN_TYPE = YES_ERROR;
				GCC_WARN_UNDECLARED_SELECTOR = YES;
				GCC_WARN_UNINITIALIZED_AUTOS = YES_AGGRESSIVE;
				GCC_WARN_UNUSED_FUNCTION = YES;
				GCC_WARN_UNUSED_VARIABLE = YES;
				IPHONEOS_DEPLOYMENT_TARGET = 14.5;
				MTL_ENABLE_DEBUG_INFO = INCLUDE_SOURCE;
				MTL_FAST_MATH = YES;
				ONLY_ACTIVE_ARCH = YES;
				SDKROOT = iphoneos;
				SWIFT_ACTIVE_COMPILATION_CONDITIONS = DEBUG;
				SWIFT_OPTIMIZATION_LEVEL = "-Onone";
			};
			name = Debug;
		};
		C79B84002681A3CF00E07839 /* Release */ = {
			isa = XCBuildConfiguration;
			buildSettings = {
				ALWAYS_SEARCH_USER_PATHS = NO;
				CLANG_ANALYZER_NONNULL = YES;
				CLANG_ANALYZER_NUMBER_OBJECT_CONVERSION = YES_AGGRESSIVE;
				CLANG_CXX_LANGUAGE_STANDARD = "gnu++14";
				CLANG_CXX_LIBRARY = "libc++";
				CLANG_ENABLE_MODULES = YES;
				CLANG_ENABLE_OBJC_ARC = YES;
				CLANG_ENABLE_OBJC_WEAK = YES;
				CLANG_WARN_BLOCK_CAPTURE_AUTORELEASING = YES;
				CLANG_WARN_BOOL_CONVERSION = YES;
				CLANG_WARN_COMMA = YES;
				CLANG_WARN_CONSTANT_CONVERSION = YES;
				CLANG_WARN_DEPRECATED_OBJC_IMPLEMENTATIONS = YES;
				CLANG_WARN_DIRECT_OBJC_ISA_USAGE = YES_ERROR;
				CLANG_WARN_DOCUMENTATION_COMMENTS = YES;
				CLANG_WARN_EMPTY_BODY = YES;
				CLANG_WARN_ENUM_CONVERSION = YES;
				CLANG_WARN_INFINITE_RECURSION = YES;
				CLANG_WARN_INT_CONVERSION = YES;
				CLANG_WARN_NON_LITERAL_NULL_CONVERSION = YES;
				CLANG_WARN_OBJC_IMPLICIT_RETAIN_SELF = YES;
				CLANG_WARN_OBJC_LITERAL_CONVERSION = YES;
				CLANG_WARN_OBJC_ROOT_CLASS = YES_ERROR;
				CLANG_WARN_QUOTED_INCLUDE_IN_FRAMEWORK_HEADER = YES;
				CLANG_WARN_RANGE_LOOP_ANALYSIS = YES;
				CLANG_WARN_STRICT_PROTOTYPES = YES;
				CLANG_WARN_SUSPICIOUS_MOVE = YES;
				CLANG_WARN_UNGUARDED_AVAILABILITY = YES_AGGRESSIVE;
				CLANG_WARN_UNREACHABLE_CODE = YES;
				CLANG_WARN__DUPLICATE_METHOD_MATCH = YES;
				COPY_PHASE_STRIP = NO;
				DEBUG_INFORMATION_FORMAT = "dwarf-with-dsym";
				ENABLE_NS_ASSERTIONS = NO;
				ENABLE_STRICT_OBJC_MSGSEND = YES;
				GCC_C_LANGUAGE_STANDARD = gnu11;
				GCC_NO_COMMON_BLOCKS = YES;
				GCC_WARN_64_TO_32_BIT_CONVERSION = YES;
				GCC_WARN_ABOUT_RETURN_TYPE = YES_ERROR;
				GCC_WARN_UNDECLARED_SELECTOR = YES;
				GCC_WARN_UNINITIALIZED_AUTOS = YES_AGGRESSIVE;
				GCC_WARN_UNUSED_FUNCTION = YES;
				GCC_WARN_UNUSED_VARIABLE = YES;
				IPHONEOS_DEPLOYMENT_TARGET = 14.5;
				MTL_ENABLE_DEBUG_INFO = NO;
				MTL_FAST_MATH = YES;
				SDKROOT = iphoneos;
				SWIFT_COMPILATION_MODE = wholemodule;
				SWIFT_OPTIMIZATION_LEVEL = "-O";
				VALIDATE_PRODUCT = YES;
			};
			name = Release;
		};
		C79B84022681A3CF00E07839 /* Debug */ = {
			isa = XCBuildConfiguration;
			baseConfigurationReference = F0D455B487765CAC3B5AB0A5 /* Pods-camera.debug.xcconfig */;
			buildSettings = {
				ASSETCATALOG_COMPILER_APPICON_NAME = AppIcon;
				ASSETCATALOG_COMPILER_GLOBAL_ACCENT_COLOR_NAME = AccentColor;
				CODE_SIGN_STYLE = Automatic;
				DEVELOPMENT_ASSET_PATHS = "\"camera/Preview Content\"";
				DEVELOPMENT_TEAM = YX944FB478;
				ENABLE_PREVIEWS = YES;
				INFOPLIST_FILE = camera/Info.plist;
				IPHONEOS_DEPLOYMENT_TARGET = 14.0;
				LD_RUNPATH_SEARCH_PATHS = (
					"$(inherited)",
					"@executable_path/Frameworks",
				);
				PRODUCT_BUNDLE_IDENTIFIER = jp.moongift.ncmb.camera;
				PRODUCT_NAME = "$(TARGET_NAME)";
				SWIFT_VERSION = 5.0;
				TARGETED_DEVICE_FAMILY = "1,2";
			};
			name = Debug;
		};
		C79B84032681A3CF00E07839 /* Release */ = {
			isa = XCBuildConfiguration;
			baseConfigurationReference = 79D58266D1DE7BF04699C282 /* Pods-camera.release.xcconfig */;
			buildSettings = {
				ASSETCATALOG_COMPILER_APPICON_NAME = AppIcon;
				ASSETCATALOG_COMPILER_GLOBAL_ACCENT_COLOR_NAME = AccentColor;
				CODE_SIGN_STYLE = Automatic;
				DEVELOPMENT_ASSET_PATHS = "\"camera/Preview Content\"";
				DEVELOPMENT_TEAM = YX944FB478;
				ENABLE_PREVIEWS = YES;
				INFOPLIST_FILE = camera/Info.plist;
				IPHONEOS_DEPLOYMENT_TARGET = 14.0;
				LD_RUNPATH_SEARCH_PATHS = (
					"$(inherited)",
					"@executable_path/Frameworks",
				);
				PRODUCT_BUNDLE_IDENTIFIER = jp.moongift.ncmb.camera;
				PRODUCT_NAME = "$(TARGET_NAME)";
				SWIFT_VERSION = 5.0;
				TARGETED_DEVICE_FAMILY = "1,2";
			};
			name = Release;
		};
/* End XCBuildConfiguration section */

/* Begin XCConfigurationList section */
		C79B83ED2681A3CE00E07839 /* Build configuration list for PBXProject "camera" */ = {
			isa = XCConfigurationList;
			buildConfigurations = (
				C79B83FF2681A3CF00E07839 /* Debug */,
				C79B84002681A3CF00E07839 /* Release */,
			);
			defaultConfigurationIsVisible = 0;
			defaultConfigurationName = Release;
		};
		C79B84012681A3CF00E07839 /* Build configuration list for PBXNativeTarget "camera" */ = {
			isa = XCConfigurationList;
			buildConfigurations = (
				C79B84022681A3CF00E07839 /* Debug */,
				C79B84032681A3CF00E07839 /* Release */,
			);
			defaultConfigurationIsVisible = 0;
			defaultConfigurationName = Release;
		};
/* End XCConfigurationList section */
	};
	rootObject = C79B83EA2681A3CE00E07839 /* Project object */;
}
