// !$*UTF8*$!
{
	archiveVersion = 1;
	classes = {
	};
	objectVersion = 55;
	objects = {

/* Begin PBXBuildFile section */
		C7BF1E43271E7773004A3E3A /* CameraMemoApp.swift in Sources */ = {isa = PBXBuildFile; fileRef = C7BF1E42271E7773004A3E3A /* CameraMemoApp.swift */; };
		C7BF1E45271E7773004A3E3A /* ContentView.swift in Sources */ = {isa = PBXBuildFile; fileRef = C7BF1E44271E7773004A3E3A /* ContentView.swift */; };
		C7BF1E47271E7774004A3E3A /* Assets.xcassets in Resources */ = {isa = PBXBuildFile; fileRef = C7BF1E46271E7774004A3E3A /* Assets.xcassets */; };
		C7BF1E4A271E7774004A3E3A /* Preview Assets.xcassets in Resources */ = {isa = PBXBuildFile; fileRef = C7BF1E49271E7774004A3E3A /* Preview Assets.xcassets */; };
		C7BF1E54271E7774004A3E3A /* CameraMemoTests.swift in Sources */ = {isa = PBXBuildFile; fileRef = C7BF1E53271E7774004A3E3A /* CameraMemoTests.swift */; };
		C7BF1E5E271E7774004A3E3A /* CameraMemoUITests.swift in Sources */ = {isa = PBXBuildFile; fileRef = C7BF1E5D271E7774004A3E3A /* CameraMemoUITests.swift */; };
		C7BF1E60271E7774004A3E3A /* CameraMemoUITestsLaunchTests.swift in Sources */ = {isa = PBXBuildFile; fileRef = C7BF1E5F271E7774004A3E3A /* CameraMemoUITestsLaunchTests.swift */; };
		C7BF1E73271E77E5004A3E3A /* LoginView.swift in Sources */ = {isa = PBXBuildFile; fileRef = C7BF1E6C271E77E5004A3E3A /* LoginView.swift */; };
		C7BF1E74271E77E5004A3E3A /* ModalView.swift in Sources */ = {isa = PBXBuildFile; fileRef = C7BF1E6D271E77E5004A3E3A /* ModalView.swift */; };
		C7BF1E75271E77E5004A3E3A /* GridImageView.swift in Sources */ = {isa = PBXBuildFile; fileRef = C7BF1E6E271E77E5004A3E3A /* GridImageView.swift */; };
		C7BF1E76271E77E5004A3E3A /* MemoView.swift in Sources */ = {isa = PBXBuildFile; fileRef = C7BF1E6F271E77E5004A3E3A /* MemoView.swift */; };
		C7BF1E77271E77E5004A3E3A /* ImageView.swift in Sources */ = {isa = PBXBuildFile; fileRef = C7BF1E70271E77E5004A3E3A /* ImageView.swift */; };
		C7BF1E78271E77E5004A3E3A /* Imagepicker.swift in Sources */ = {isa = PBXBuildFile; fileRef = C7BF1E71271E77E5004A3E3A /* Imagepicker.swift */; };
		C7BF1E79271E77E5004A3E3A /* UploaderView.swift in Sources */ = {isa = PBXBuildFile; fileRef = C7BF1E72271E77E5004A3E3A /* UploaderView.swift */; };
/* End PBXBuildFile section */

/* Begin PBXContainerItemProxy section */
		C7BF1E50271E7774004A3E3A /* PBXContainerItemProxy */ = {
			isa = PBXContainerItemProxy;
			containerPortal = C7BF1E37271E7773004A3E3A /* Project object */;
			proxyType = 1;
			remoteGlobalIDString = C7BF1E3E271E7773004A3E3A;
			remoteInfo = CameraMemo;
		};
		C7BF1E5A271E7774004A3E3A /* PBXContainerItemProxy */ = {
			isa = PBXContainerItemProxy;
			containerPortal = C7BF1E37271E7773004A3E3A /* Project object */;
			proxyType = 1;
			remoteGlobalIDString = C7BF1E3E271E7773004A3E3A;
			remoteInfo = CameraMemo;
		};
/* End PBXContainerItemProxy section */

/* Begin PBXFileReference section */
		C7BF1E3F271E7773004A3E3A /* CameraMemo.app */ = {isa = PBXFileReference; explicitFileType = wrapper.application; includeInIndex = 0; path = CameraMemo.app; sourceTree = BUILT_PRODUCTS_DIR; };
		C7BF1E42271E7773004A3E3A /* CameraMemoApp.swift */ = {isa = PBXFileReference; lastKnownFileType = sourcecode.swift; path = CameraMemoApp.swift; sourceTree = "<group>"; };
		C7BF1E44271E7773004A3E3A /* ContentView.swift */ = {isa = PBXFileReference; lastKnownFileType = sourcecode.swift; path = ContentView.swift; sourceTree = "<group>"; };
		C7BF1E46271E7774004A3E3A /* Assets.xcassets */ = {isa = PBXFileReference; lastKnownFileType = folder.assetcatalog; path = Assets.xcassets; sourceTree = "<group>"; };
		C7BF1E49271E7774004A3E3A /* Preview Assets.xcassets */ = {isa = PBXFileReference; lastKnownFileType = folder.assetcatalog; path = "Preview Assets.xcassets"; sourceTree = "<group>"; };
		C7BF1E4F271E7774004A3E3A /* CameraMemoTests.xctest */ = {isa = PBXFileReference; explicitFileType = wrapper.cfbundle; includeInIndex = 0; path = CameraMemoTests.xctest; sourceTree = BUILT_PRODUCTS_DIR; };
		C7BF1E53271E7774004A3E3A /* CameraMemoTests.swift */ = {isa = PBXFileReference; lastKnownFileType = sourcecode.swift; path = CameraMemoTests.swift; sourceTree = "<group>"; };
		C7BF1E59271E7774004A3E3A /* CameraMemoUITests.xctest */ = {isa = PBXFileReference; explicitFileType = wrapper.cfbundle; includeInIndex = 0; path = CameraMemoUITests.xctest; sourceTree = BUILT_PRODUCTS_DIR; };
		C7BF1E5D271E7774004A3E3A /* CameraMemoUITests.swift */ = {isa = PBXFileReference; lastKnownFileType = sourcecode.swift; path = CameraMemoUITests.swift; sourceTree = "<group>"; };
		C7BF1E5F271E7774004A3E3A /* CameraMemoUITestsLaunchTests.swift */ = {isa = PBXFileReference; lastKnownFileType = sourcecode.swift; path = CameraMemoUITestsLaunchTests.swift; sourceTree = "<group>"; };
		C7BF1E6C271E77E5004A3E3A /* LoginView.swift */ = {isa = PBXFileReference; fileEncoding = 4; lastKnownFileType = sourcecode.swift; path = LoginView.swift; sourceTree = "<group>"; };
		C7BF1E6D271E77E5004A3E3A /* ModalView.swift */ = {isa = PBXFileReference; fileEncoding = 4; lastKnownFileType = sourcecode.swift; path = ModalView.swift; sourceTree = "<group>"; };
		C7BF1E6E271E77E5004A3E3A /* GridImageView.swift */ = {isa = PBXFileReference; fileEncoding = 4; lastKnownFileType = sourcecode.swift; path = GridImageView.swift; sourceTree = "<group>"; };
		C7BF1E6F271E77E5004A3E3A /* MemoView.swift */ = {isa = PBXFileReference; fileEncoding = 4; lastKnownFileType = sourcecode.swift; path = MemoView.swift; sourceTree = "<group>"; };
		C7BF1E70271E77E5004A3E3A /* ImageView.swift */ = {isa = PBXFileReference; fileEncoding = 4; lastKnownFileType = sourcecode.swift; path = ImageView.swift; sourceTree = "<group>"; };
		C7BF1E71271E77E5004A3E3A /* Imagepicker.swift */ = {isa = PBXFileReference; fileEncoding = 4; lastKnownFileType = sourcecode.swift; path = Imagepicker.swift; sourceTree = "<group>"; };
		C7BF1E72271E77E5004A3E3A /* UploaderView.swift */ = {isa = PBXFileReference; fileEncoding = 4; lastKnownFileType = sourcecode.swift; path = UploaderView.swift; sourceTree = "<group>"; };
/* End PBXFileReference section */

/* Begin PBXFrameworksBuildPhase section */
		C7BF1E3C271E7773004A3E3A /* Frameworks */ = {
			isa = PBXFrameworksBuildPhase;
			buildActionMask = 2147483647;
			files = (
			);
			runOnlyForDeploymentPostprocessing = 0;
		};
		C7BF1E4C271E7774004A3E3A /* Frameworks */ = {
			isa = PBXFrameworksBuildPhase;
			buildActionMask = 2147483647;
			files = (
			);
			runOnlyForDeploymentPostprocessing = 0;
		};
		C7BF1E56271E7774004A3E3A /* Frameworks */ = {
			isa = PBXFrameworksBuildPhase;
			buildActionMask = 2147483647;
			files = (
			);
			runOnlyForDeploymentPostprocessing = 0;
		};
/* End PBXFrameworksBuildPhase section */

/* Begin PBXGroup section */
		C7BF1E36271E7773004A3E3A = {
			isa = PBXGroup;
			children = (
				C7BF1E41271E7773004A3E3A /* CameraMemo */,
				C7BF1E52271E7774004A3E3A /* CameraMemoTests */,
				C7BF1E5C271E7774004A3E3A /* CameraMemoUITests */,
				C7BF1E40271E7773004A3E3A /* Products */,
			);
			sourceTree = "<group>";
		};
		C7BF1E40271E7773004A3E3A /* Products */ = {
			isa = PBXGroup;
			children = (
				C7BF1E3F271E7773004A3E3A /* CameraMemo.app */,
				C7BF1E4F271E7774004A3E3A /* CameraMemoTests.xctest */,
				C7BF1E59271E7774004A3E3A /* CameraMemoUITests.xctest */,
			);
			name = Products;
			sourceTree = "<group>";
		};
		C7BF1E41271E7773004A3E3A /* CameraMemo */ = {
			isa = PBXGroup;
			children = (
				C7BF1E6E271E77E5004A3E3A /* GridImageView.swift */,
				C7BF1E71271E77E5004A3E3A /* Imagepicker.swift */,
				C7BF1E70271E77E5004A3E3A /* ImageView.swift */,
				C7BF1E6C271E77E5004A3E3A /* LoginView.swift */,
				C7BF1E6F271E77E5004A3E3A /* MemoView.swift */,
				C7BF1E6D271E77E5004A3E3A /* ModalView.swift */,
				C7BF1E72271E77E5004A3E3A /* UploaderView.swift */,
				C7BF1E42271E7773004A3E3A /* CameraMemoApp.swift */,
				C7BF1E44271E7773004A3E3A /* ContentView.swift */,
				C7BF1E46271E7774004A3E3A /* Assets.xcassets */,
				C7BF1E48271E7774004A3E3A /* Preview Content */,
			);
			path = CameraMemo;
			sourceTree = "<group>";
		};
		C7BF1E48271E7774004A3E3A /* Preview Content */ = {
			isa = PBXGroup;
			children = (
				C7BF1E49271E7774004A3E3A /* Preview Assets.xcassets */,
			);
			path = "Preview Content";
			sourceTree = "<group>";
		};
		C7BF1E52271E7774004A3E3A /* CameraMemoTests */ = {
			isa = PBXGroup;
			children = (
				C7BF1E53271E7774004A3E3A /* CameraMemoTests.swift */,
			);
			path = CameraMemoTests;
			sourceTree = "<group>";
		};
		C7BF1E5C271E7774004A3E3A /* CameraMemoUITests */ = {
			isa = PBXGroup;
			children = (
				C7BF1E5D271E7774004A3E3A /* CameraMemoUITests.swift */,
				C7BF1E5F271E7774004A3E3A /* CameraMemoUITestsLaunchTests.swift */,
			);
			path = CameraMemoUITests;
			sourceTree = "<group>";
		};
/* End PBXGroup section */

/* Begin PBXNativeTarget section */
		C7BF1E3E271E7773004A3E3A /* CameraMemo */ = {
			isa = PBXNativeTarget;
			buildConfigurationList = C7BF1E63271E7774004A3E3A /* Build configuration list for PBXNativeTarget "CameraMemo" */;
			buildPhases = (
				C7BF1E3B271E7773004A3E3A /* Sources */,
				C7BF1E3C271E7773004A3E3A /* Frameworks */,
				C7BF1E3D271E7773004A3E3A /* Resources */,
			);
			buildRules = (
			);
			dependencies = (
			);
			name = CameraMemo;
			productName = CameraMemo;
			productReference = C7BF1E3F271E7773004A3E3A /* CameraMemo.app */;
			productType = "com.apple.product-type.application";
		};
		C7BF1E4E271E7774004A3E3A /* CameraMemoTests */ = {
			isa = PBXNativeTarget;
			buildConfigurationList = C7BF1E66271E7774004A3E3A /* Build configuration list for PBXNativeTarget "CameraMemoTests" */;
			buildPhases = (
				C7BF1E4B271E7774004A3E3A /* Sources */,
				C7BF1E4C271E7774004A3E3A /* Frameworks */,
				C7BF1E4D271E7774004A3E3A /* Resources */,
			);
			buildRules = (
			);
			dependencies = (
				C7BF1E51271E7774004A3E3A /* PBXTargetDependency */,
			);
			name = CameraMemoTests;
			productName = CameraMemoTests;
			productReference = C7BF1E4F271E7774004A3E3A /* CameraMemoTests.xctest */;
			productType = "com.apple.product-type.bundle.unit-test";
		};
		C7BF1E58271E7774004A3E3A /* CameraMemoUITests */ = {
			isa = PBXNativeTarget;
			buildConfigurationList = C7BF1E69271E7774004A3E3A /* Build configuration list for PBXNativeTarget "CameraMemoUITests" */;
			buildPhases = (
				C7BF1E55271E7774004A3E3A /* Sources */,
				C7BF1E56271E7774004A3E3A /* Frameworks */,
				C7BF1E57271E7774004A3E3A /* Resources */,
			);
			buildRules = (
			);
			dependencies = (
				C7BF1E5B271E7774004A3E3A /* PBXTargetDependency */,
			);
			name = CameraMemoUITests;
			productName = CameraMemoUITests;
			productReference = C7BF1E59271E7774004A3E3A /* CameraMemoUITests.xctest */;
			productType = "com.apple.product-type.bundle.ui-testing";
		};
/* End PBXNativeTarget section */

/* Begin PBXProject section */
		C7BF1E37271E7773004A3E3A /* Project object */ = {
			isa = PBXProject;
			attributes = {
				BuildIndependentTargetsInParallel = 1;
				LastSwiftUpdateCheck = 1300;
				LastUpgradeCheck = 1300;
				TargetAttributes = {
					C7BF1E3E271E7773004A3E3A = {
						CreatedOnToolsVersion = 13.0;
					};
					C7BF1E4E271E7774004A3E3A = {
						CreatedOnToolsVersion = 13.0;
						TestTargetID = C7BF1E3E271E7773004A3E3A;
					};
					C7BF1E58271E7774004A3E3A = {
						CreatedOnToolsVersion = 13.0;
						TestTargetID = C7BF1E3E271E7773004A3E3A;
					};
				};
			};
			buildConfigurationList = C7BF1E3A271E7773004A3E3A /* Build configuration list for PBXProject "CameraMemo" */;
			compatibilityVersion = "Xcode 13.0";
			developmentRegion = en;
			hasScannedForEncodings = 0;
			knownRegions = (
				en,
				Base,
			);
			mainGroup = C7BF1E36271E7773004A3E3A;
			productRefGroup = C7BF1E40271E7773004A3E3A /* Products */;
			projectDirPath = "";
			projectRoot = "";
			targets = (
				C7BF1E3E271E7773004A3E3A /* CameraMemo */,
				C7BF1E4E271E7774004A3E3A /* CameraMemoTests */,
				C7BF1E58271E7774004A3E3A /* CameraMemoUITests */,
			);
		};
/* End PBXProject section */

/* Begin PBXResourcesBuildPhase section */
		C7BF1E3D271E7773004A3E3A /* Resources */ = {
			isa = PBXResourcesBuildPhase;
			buildActionMask = 2147483647;
			files = (
				C7BF1E4A271E7774004A3E3A /* Preview Assets.xcassets in Resources */,
				C7BF1E47271E7774004A3E3A /* Assets.xcassets in Resources */,
			);
			runOnlyForDeploymentPostprocessing = 0;
		};
		C7BF1E4D271E7774004A3E3A /* Resources */ = {
			isa = PBXResourcesBuildPhase;
			buildActionMask = 2147483647;
			files = (
			);
			runOnlyForDeploymentPostprocessing = 0;
		};
		C7BF1E57271E7774004A3E3A /* Resources */ = {
			isa = PBXResourcesBuildPhase;
			buildActionMask = 2147483647;
			files = (
			);
			runOnlyForDeploymentPostprocessing = 0;
		};
/* End PBXResourcesBuildPhase section */

/* Begin PBXSourcesBuildPhase section */
		C7BF1E3B271E7773004A3E3A /* Sources */ = {
			isa = PBXSourcesBuildPhase;
			buildActionMask = 2147483647;
			files = (
				C7BF1E73271E77E5004A3E3A /* LoginView.swift in Sources */,
				C7BF1E45271E7773004A3E3A /* ContentView.swift in Sources */,
				C7BF1E79271E77E5004A3E3A /* UploaderView.swift in Sources */,
				C7BF1E74271E77E5004A3E3A /* ModalView.swift in Sources */,
				C7BF1E75271E77E5004A3E3A /* GridImageView.swift in Sources */,
				C7BF1E76271E77E5004A3E3A /* MemoView.swift in Sources */,
				C7BF1E78271E77E5004A3E3A /* Imagepicker.swift in Sources */,
				C7BF1E77271E77E5004A3E3A /* ImageView.swift in Sources */,
				C7BF1E43271E7773004A3E3A /* CameraMemoApp.swift in Sources */,
			);
			runOnlyForDeploymentPostprocessing = 0;
		};
		C7BF1E4B271E7774004A3E3A /* Sources */ = {
			isa = PBXSourcesBuildPhase;
			buildActionMask = 2147483647;
			files = (
				C7BF1E54271E7774004A3E3A /* CameraMemoTests.swift in Sources */,
			);
			runOnlyForDeploymentPostprocessing = 0;
		};
		C7BF1E55271E7774004A3E3A /* Sources */ = {
			isa = PBXSourcesBuildPhase;
			buildActionMask = 2147483647;
			files = (
				C7BF1E5E271E7774004A3E3A /* CameraMemoUITests.swift in Sources */,
				C7BF1E60271E7774004A3E3A /* CameraMemoUITestsLaunchTests.swift in Sources */,
			);
			runOnlyForDeploymentPostprocessing = 0;
		};
/* End PBXSourcesBuildPhase section */

/* Begin PBXTargetDependency section */
		C7BF1E51271E7774004A3E3A /* PBXTargetDependency */ = {
			isa = PBXTargetDependency;
			target = C7BF1E3E271E7773004A3E3A /* CameraMemo */;
			targetProxy = C7BF1E50271E7774004A3E3A /* PBXContainerItemProxy */;
		};
		C7BF1E5B271E7774004A3E3A /* PBXTargetDependency */ = {
			isa = PBXTargetDependency;
			target = C7BF1E3E271E7773004A3E3A /* CameraMemo */;
			targetProxy = C7BF1E5A271E7774004A3E3A /* PBXContainerItemProxy */;
		};
/* End PBXTargetDependency section */

/* Begin XCBuildConfiguration section */
		C7BF1E61271E7774004A3E3A /* Debug */ = {
			isa = XCBuildConfiguration;
			buildSettings = {
				ALWAYS_SEARCH_USER_PATHS = NO;
				CLANG_ANALYZER_NONNULL = YES;
				CLANG_ANALYZER_NUMBER_OBJECT_CONVERSION = YES_AGGRESSIVE;
				CLANG_CXX_LANGUAGE_STANDARD = "gnu++17";
				CLANG_CXX_LIBRARY = "libc++";
				CLANG_ENABLE_MODULES = YES;
				CLANG_ENABLE_OBJC_ARC = YES;
				CLANG_ENABLE_OBJC_WEAK = YES;
				CLANG_WARN_BLOCK_CAPTURE_AUTORELEASING = YES;
				CLANG_WARN_BOOL_CONVERSION = YES;
				CLANG_WARN_COMMA = YES;
				CLANG_WARN_CONSTANT_CONVERSION = YES;
				CLANG_WARN_DEPRECATED_OBJC_IMPLEMENTATIONS = YES;
				CLANG_WARN_DIRECT_OBJC_ISA_USAGE = YES_ERROR;
				CLANG_WARN_DOCUMENTATION_COMMENTS = YES;
				CLANG_WARN_EMPTY_BODY = YES;
				CLANG_WARN_ENUM_CONVERSION = YES;
				CLANG_WARN_INFINITE_RECURSION = YES;
				CLANG_WARN_INT_CONVERSION = YES;
				CLANG_WARN_NON_LITERAL_NULL_CONVERSION = YES;
				CLANG_WARN_OBJC_IMPLICIT_RETAIN_SELF = YES;
				CLANG_WARN_OBJC_LITERAL_CONVERSION = YES;
				CLANG_WARN_OBJC_ROOT_CLASS = YES_ERROR;
				CLANG_WARN_QUOTED_INCLUDE_IN_FRAMEWORK_HEADER = YES;
				CLANG_WARN_RANGE_LOOP_ANALYSIS = YES;
				CLANG_WARN_STRICT_PROTOTYPES = YES;
				CLANG_WARN_SUSPICIOUS_MOVE = YES;
				CLANG_WARN_UNGUARDED_AVAILABILITY = YES_AGGRESSIVE;
				CLANG_WARN_UNREACHABLE_CODE = YES;
				CLANG_WARN__DUPLICATE_METHOD_MATCH = YES;
				COPY_PHASE_STRIP = NO;
				DEBUG_INFORMATION_FORMAT = dwarf;
				ENABLE_STRICT_OBJC_MSGSEND = YES;
				ENABLE_TESTABILITY = YES;
				GCC_C_LANGUAGE_STANDARD = gnu11;
				GCC_DYNAMIC_NO_PIC = NO;
				GCC_NO_COMMON_BLOCKS = YES;
				GCC_OPTIMIZATION_LEVEL = 0;
				GCC_PREPROCESSOR_DEFINITIONS = (
					"DEBUG=1",
					"$(inherited)",
				);
				GCC_WARN_64_TO_32_BIT_CONVERSION = YES;
				GCC_WARN_ABOUT_RETURN_TYPE = YES_ERROR;
				GCC_WARN_UNDECLARED_SELECTOR = YES;
				GCC_WARN_UNINITIALIZED_AUTOS = YES_AGGRESSIVE;
				GCC_WARN_UNUSED_FUNCTION = YES;
				GCC_WARN_UNUSED_VARIABLE = YES;
				IPHONEOS_DEPLOYMENT_TARGET = 15.0;
				MTL_ENABLE_DEBUG_INFO = INCLUDE_SOURCE;
				MTL_FAST_MATH = YES;
				ONLY_ACTIVE_ARCH = YES;
				SDKROOT = iphoneos;
				SWIFT_ACTIVE_COMPILATION_CONDITIONS = DEBUG;
				SWIFT_OPTIMIZATION_LEVEL = "-Onone";
			};
			name = Debug;
		};
		C7BF1E62271E7774004A3E3A /* Release */ = {
			isa = XCBuildConfiguration;
			buildSettings = {
				ALWAYS_SEARCH_USER_PATHS = NO;
				CLANG_ANALYZER_NONNULL = YES;
				CLANG_ANALYZER_NUMBER_OBJECT_CONVERSION = YES_AGGRESSIVE;
				CLANG_CXX_LANGUAGE_STANDARD = "gnu++17";
				CLANG_CXX_LIBRARY = "libc++";
				CLANG_ENABLE_MODULES = YES;
				CLANG_ENABLE_OBJC_ARC = YES;
				CLANG_ENABLE_OBJC_WEAK = YES;
				CLANG_WARN_BLOCK_CAPTURE_AUTORELEASING = YES;
				CLANG_WARN_BOOL_CONVERSION = YES;
				CLANG_WARN_COMMA = YES;
				CLANG_WARN_CONSTANT_CONVERSION = YES;
				CLANG_WARN_DEPRECATED_OBJC_IMPLEMENTATIONS = YES;
				CLANG_WARN_DIRECT_OBJC_ISA_USAGE = YES_ERROR;
				CLANG_WARN_DOCUMENTATION_COMMENTS = YES;
				CLANG_WARN_EMPTY_BODY = YES;
				CLANG_WARN_ENUM_CONVERSION = YES;
				CLANG_WARN_INFINITE_RECURSION = YES;
				CLANG_WARN_INT_CONVERSION = YES;
				CLANG_WARN_NON_LITERAL_NULL_CONVERSION = YES;
				CLANG_WARN_OBJC_IMPLICIT_RETAIN_SELF = YES;
				CLANG_WARN_OBJC_LITERAL_CONVERSION = YES;
				CLANG_WARN_OBJC_ROOT_CLASS = YES_ERROR;
				CLANG_WARN_QUOTED_INCLUDE_IN_FRAMEWORK_HEADER = YES;
				CLANG_WARN_RANGE_LOOP_ANALYSIS = YES;
				CLANG_WARN_STRICT_PROTOTYPES = YES;
				CLANG_WARN_SUSPICIOUS_MOVE = YES;
				CLANG_WARN_UNGUARDED_AVAILABILITY = YES_AGGRESSIVE;
				CLANG_WARN_UNREACHABLE_CODE = YES;
				CLANG_WARN__DUPLICATE_METHOD_MATCH = YES;
				COPY_PHASE_STRIP = NO;
				DEBUG_INFORMATION_FORMAT = "dwarf-with-dsym";
				ENABLE_NS_ASSERTIONS = NO;
				ENABLE_STRICT_OBJC_MSGSEND = YES;
				GCC_C_LANGUAGE_STANDARD = gnu11;
				GCC_NO_COMMON_BLOCKS = YES;
				GCC_WARN_64_TO_32_BIT_CONVERSION = YES;
				GCC_WARN_ABOUT_RETURN_TYPE = YES_ERROR;
				GCC_WARN_UNDECLARED_SELECTOR = YES;
				GCC_WARN_UNINITIALIZED_AUTOS = YES_AGGRESSIVE;
				GCC_WARN_UNUSED_FUNCTION = YES;
				GCC_WARN_UNUSED_VARIABLE = YES;
				IPHONEOS_DEPLOYMENT_TARGET = 15.0;
				MTL_ENABLE_DEBUG_INFO = NO;
				MTL_FAST_MATH = YES;
				SDKROOT = iphoneos;
				SWIFT_COMPILATION_MODE = wholemodule;
				SWIFT_OPTIMIZATION_LEVEL = "-O";
				VALIDATE_PRODUCT = YES;
			};
			name = Release;
		};
		C7BF1E64271E7774004A3E3A /* Debug */ = {
			isa = XCBuildConfiguration;
			buildSettings = {
				ASSETCATALOG_COMPILER_APPICON_NAME = AppIcon;
				ASSETCATALOG_COMPILER_GLOBAL_ACCENT_COLOR_NAME = AccentColor;
				CODE_SIGN_STYLE = Automatic;
				CURRENT_PROJECT_VERSION = 1;
				DEVELOPMENT_ASSET_PATHS = "\"CameraMemo/Preview Content\"";
				DEVELOPMENT_TEAM = YX944FB478;
				ENABLE_PREVIEWS = YES;
				GENERATE_INFOPLIST_FILE = YES;
				INFOPLIST_KEY_NSCameraUsageDescription = "カメラで撮影します";
				INFOPLIST_KEY_NSPhotoLibraryUsageDescription = "フォトライブラリにアクセスします";
				INFOPLIST_KEY_UIApplicationSceneManifest_Generation = YES;
				INFOPLIST_KEY_UIApplicationSupportsIndirectInputEvents = YES;
				INFOPLIST_KEY_UILaunchScreen_Generation = YES;
				INFOPLIST_KEY_UISupportedInterfaceOrientations_iPad = "UIInterfaceOrientationPortrait UIInterfaceOrientationPortraitUpsideDown UIInterfaceOrientationLandscapeLeft UIInterfaceOrientationLandscapeRight";
				INFOPLIST_KEY_UISupportedInterfaceOrientations_iPhone = "UIInterfaceOrientationPortrait UIInterfaceOrientationLandscapeLeft UIInterfaceOrientationLandscapeRight";
				IPHONEOS_DEPLOYMENT_TARGET = 14.0;
				LD_RUNPATH_SEARCH_PATHS = (
					"$(inherited)",
					"@executable_path/Frameworks",
				);
				MARKETING_VERSION = 1.0;
				PRODUCT_BUNDLE_IDENTIFIER = jp.moongift.CameraMemo;
				PRODUCT_NAME = "$(TARGET_NAME)";
				SWIFT_EMIT_LOC_STRINGS = YES;
				SWIFT_VERSION = 5.0;
				TARGETED_DEVICE_FAMILY = "1,2";
			};
			name = Debug;
		};
		C7BF1E65271E7774004A3E3A /* Release */ = {
			isa = XCBuildConfiguration;
			buildSettings = {
				ASSETCATALOG_COMPILER_APPICON_NAME = AppIcon;
				ASSETCATALOG_COMPILER_GLOBAL_ACCENT_COLOR_NAME = AccentColor;
				CODE_SIGN_STYLE = Automatic;
				CURRENT_PROJECT_VERSION = 1;
				DEVELOPMENT_ASSET_PATHS = "\"CameraMemo/Preview Content\"";
				DEVELOPMENT_TEAM = YX944FB478;
				ENABLE_PREVIEWS = YES;
				GENERATE_INFOPLIST_FILE = YES;
				INFOPLIST_KEY_NSCameraUsageDescription = "カメラで撮影します";
				INFOPLIST_KEY_NSPhotoLibraryUsageDescription = "フォトライブラリにアクセスします";
				INFOPLIST_KEY_UIApplicationSceneManifest_Generation = YES;
				INFOPLIST_KEY_UIApplicationSupportsIndirectInputEvents = YES;
				INFOPLIST_KEY_UILaunchScreen_Generation = YES;
				INFOPLIST_KEY_UISupportedInterfaceOrientations_iPad = "UIInterfaceOrientationPortrait UIInterfaceOrientationPortraitUpsideDown UIInterfaceOrientationLandscapeLeft UIInterfaceOrientationLandscapeRight";
				INFOPLIST_KEY_UISupportedInterfaceOrientations_iPhone = "UIInterfaceOrientationPortrait UIInterfaceOrientationLandscapeLeft UIInterfaceOrientationLandscapeRight";
				IPHONEOS_DEPLOYMENT_TARGET = 14.0;
				LD_RUNPATH_SEARCH_PATHS = (
					"$(inherited)",
					"@executable_path/Frameworks",
				);
				MARKETING_VERSION = 1.0;
				PRODUCT_BUNDLE_IDENTIFIER = jp.moongift.CameraMemo;
				PRODUCT_NAME = "$(TARGET_NAME)";
				SWIFT_EMIT_LOC_STRINGS = YES;
				SWIFT_VERSION = 5.0;
				TARGETED_DEVICE_FAMILY = "1,2";
			};
			name = Release;
		};
		C7BF1E67271E7774004A3E3A /* Debug */ = {
			isa = XCBuildConfiguration;
			buildSettings = {
				ALWAYS_EMBED_SWIFT_STANDARD_LIBRARIES = YES;
				BUNDLE_LOADER = "$(TEST_HOST)";
				CODE_SIGN_STYLE = Automatic;
				CURRENT_PROJECT_VERSION = 1;
				DEVELOPMENT_TEAM = YX944FB478;
				GENERATE_INFOPLIST_FILE = YES;
				IPHONEOS_DEPLOYMENT_TARGET = 14.0;
				LD_RUNPATH_SEARCH_PATHS = (
					"$(inherited)",
					"@executable_path/Frameworks",
					"@loader_path/Frameworks",
				);
				MARKETING_VERSION = 1.0;
				PRODUCT_BUNDLE_IDENTIFIER = jp.moongift.CameraMemoTests;
				PRODUCT_NAME = "$(TARGET_NAME)";
				SWIFT_EMIT_LOC_STRINGS = NO;
				SWIFT_VERSION = 5.0;
				TARGETED_DEVICE_FAMILY = "1,2";
				TEST_HOST = "$(BUILT_PRODUCTS_DIR)/CameraMemo.app/CameraMemo";
			};
			name = Debug;
		};
		C7BF1E68271E7774004A3E3A /* Release */ = {
			isa = XCBuildConfiguration;
			buildSettings = {
				ALWAYS_EMBED_SWIFT_STANDARD_LIBRARIES = YES;
				BUNDLE_LOADER = "$(TEST_HOST)";
				CODE_SIGN_STYLE = Automatic;
				CURRENT_PROJECT_VERSION = 1;
				DEVELOPMENT_TEAM = YX944FB478;
				GENERATE_INFOPLIST_FILE = YES;
				IPHONEOS_DEPLOYMENT_TARGET = 14.0;
				LD_RUNPATH_SEARCH_PATHS = (
					"$(inherited)",
					"@executable_path/Frameworks",
					"@loader_path/Frameworks",
				);
				MARKETING_VERSION = 1.0;
				PRODUCT_BUNDLE_IDENTIFIER = jp.moongift.CameraMemoTests;
				PRODUCT_NAME = "$(TARGET_NAME)";
				SWIFT_EMIT_LOC_STRINGS = NO;
				SWIFT_VERSION = 5.0;
				TARGETED_DEVICE_FAMILY = "1,2";
				TEST_HOST = "$(BUILT_PRODUCTS_DIR)/CameraMemo.app/CameraMemo";
			};
			name = Release;
		};
		C7BF1E6A271E7774004A3E3A /* Debug */ = {
			isa = XCBuildConfiguration;
			buildSettings = {
				ALWAYS_EMBED_SWIFT_STANDARD_LIBRARIES = YES;
				CODE_SIGN_STYLE = Automatic;
				CURRENT_PROJECT_VERSION = 1;
				DEVELOPMENT_TEAM = YX944FB478;
				GENERATE_INFOPLIST_FILE = YES;
				LD_RUNPATH_SEARCH_PATHS = (
					"$(inherited)",
					"@executable_path/Frameworks",
					"@loader_path/Frameworks",
				);
				MARKETING_VERSION = 1.0;
				PRODUCT_BUNDLE_IDENTIFIER = jp.moongift.CameraMemoUITests;
				PRODUCT_NAME = "$(TARGET_NAME)";
				SWIFT_EMIT_LOC_STRINGS = NO;
				SWIFT_VERSION = 5.0;
				TARGETED_DEVICE_FAMILY = "1,2";
				TEST_TARGET_NAME = CameraMemo;
			};
			name = Debug;
		};
		C7BF1E6B271E7774004A3E3A /* Release */ = {
			isa = XCBuildConfiguration;
			buildSettings = {
				ALWAYS_EMBED_SWIFT_STANDARD_LIBRARIES = YES;
				CODE_SIGN_STYLE = Automatic;
				CURRENT_PROJECT_VERSION = 1;
				DEVELOPMENT_TEAM = YX944FB478;
				GENERATE_INFOPLIST_FILE = YES;
				LD_RUNPATH_SEARCH_PATHS = (
					"$(inherited)",
					"@executable_path/Frameworks",
					"@loader_path/Frameworks",
				);
				MARKETING_VERSION = 1.0;
				PRODUCT_BUNDLE_IDENTIFIER = jp.moongift.CameraMemoUITests;
				PRODUCT_NAME = "$(TARGET_NAME)";
				SWIFT_EMIT_LOC_STRINGS = NO;
				SWIFT_VERSION = 5.0;
				TARGETED_DEVICE_FAMILY = "1,2";
				TEST_TARGET_NAME = CameraMemo;
			};
			name = Release;
		};
/* End XCBuildConfiguration section */

/* Begin XCConfigurationList section */
		C7BF1E3A271E7773004A3E3A /* Build configuration list for PBXProject "CameraMemo" */ = {
			isa = XCConfigurationList;
			buildConfigurations = (
				C7BF1E61271E7774004A3E3A /* Debug */,
				C7BF1E62271E7774004A3E3A /* Release */,
			);
			defaultConfigurationIsVisible = 0;
			defaultConfigurationName = Release;
		};
		C7BF1E63271E7774004A3E3A /* Build configuration list for PBXNativeTarget "CameraMemo" */ = {
			isa = XCConfigurationList;
			buildConfigurations = (
				C7BF1E64271E7774004A3E3A /* Debug */,
				C7BF1E65271E7774004A3E3A /* Release */,
			);
			defaultConfigurationIsVisible = 0;
			defaultConfigurationName = Release;
		};
		C7BF1E66271E7774004A3E3A /* Build configuration list for PBXNativeTarget "CameraMemoTests" */ = {
			isa = XCConfigurationList;
			buildConfigurations = (
				C7BF1E67271E7774004A3E3A /* Debug */,
				C7BF1E68271E7774004A3E3A /* Release */,
			);
			defaultConfigurationIsVisible = 0;
			defaultConfigurationName = Release;
		};
		C7BF1E69271E7774004A3E3A /* Build configuration list for PBXNativeTarget "CameraMemoUITests" */ = {
			isa = XCConfigurationList;
			buildConfigurations = (
				C7BF1E6A271E7774004A3E3A /* Debug */,
				C7BF1E6B271E7774004A3E3A /* Release */,
			);
			defaultConfigurationIsVisible = 0;
			defaultConfigurationName = Release;
		};
/* End XCConfigurationList section */
	};
	rootObject = C7BF1E37271E7773004A3E3A /* Project object */;
}
